// !$*UTF8*$!
{
	archiveVersion = 1;
	classes = {
	};
	objectVersion = 50;
	objects = {

/* Begin PBXBuildFile section */
		A0D927722698C1400081C32F /* URLSessionClient.swift in Sources */ = {isa = PBXBuildFile; fileRef = A0D927712698C1400081C32F /* URLSessionClient.swift */; };
		A0D927742698C2B80081C32F /* Weather.swift in Sources */ = {isa = PBXBuildFile; fileRef = A0D927732698C2B80081C32F /* Weather.swift */; };
		A0D927762698C2C40081C32F /* WeatherSummary.swift in Sources */ = {isa = PBXBuildFile; fileRef = A0D927752698C2C40081C32F /* WeatherSummary.swift */; };
		A0D927782698C2D00081C32F /* WeatherDetails.swift in Sources */ = {isa = PBXBuildFile; fileRef = A0D927772698C2D00081C32F /* WeatherDetails.swift */; };
		A0D9277A2698D1E50081C32F /* WeatherForecastTableViewController.swift in Sources */ = {isa = PBXBuildFile; fileRef = A0D927792698D1E50081C32F /* WeatherForecastTableViewController.swift */; };
		A0D9277C2698DB1B0081C32F /* WeatherForcast.swift in Sources */ = {isa = PBXBuildFile; fileRef = A0D9277B2698DB1B0081C32F /* WeatherForcast.swift */; };
		A0D9277F2698EB460081C32F /* WeatherDataProvider.swift in Sources */ = {isa = PBXBuildFile; fileRef = A0D9277E2698EB460081C32F /* WeatherDataProvider.swift */; };
		A0D927822698EBB10081C32F /* WeatherForcastViewModel.swift in Sources */ = {isa = PBXBuildFile; fileRef = A0D927812698EBB10081C32F /* WeatherForcastViewModel.swift */; };
		A0D92784269982000081C32F /* WeatherType.swift in Sources */ = {isa = PBXBuildFile; fileRef = A0D92783269982000081C32F /* WeatherType.swift */; };
		A0D9283626998CCB0081C32F /* WeatherForcastViewModelTests.swift in Sources */ = {isa = PBXBuildFile; fileRef = A0D9283526998CCB0081C32F /* WeatherForcastViewModelTests.swift */; };
		A0D92839269997B50081C32F /* WeatherDataProviderStubs.swift in Sources */ = {isa = PBXBuildFile; fileRef = A0D92838269997B50081C32F /* WeatherDataProviderStubs.swift */; };
		A0D9283C26999B480081C32F /* Array+Extensions.swift in Sources */ = {isa = PBXBuildFile; fileRef = A0D9283B26999B480081C32F /* Array+Extensions.swift */; };
		A0D9283E26999ED80081C32F /* WeatherInformationFormattingTests.swift in Sources */ = {isa = PBXBuildFile; fileRef = A0D9283D26999ED80081C32F /* WeatherInformationFormattingTests.swift */; };
		A0D928412699AF5A0081C32F /* UITableViewController+Extensions.swift in Sources */ = {isa = PBXBuildFile; fileRef = A0D928402699AF5A0081C32F /* UITableViewController+Extensions.swift */; };
		A0D928442699B1B30081C32F /* WeatherForecastTableViewCell.swift in Sources */ = {isa = PBXBuildFile; fileRef = A0D928422699B1B30081C32F /* WeatherForecastTableViewCell.swift */; };
		A0D928452699B1B30081C32F /* WeatherForecastTableViewCell.xib in Resources */ = {isa = PBXBuildFile; fileRef = A0D928432699B1B30081C32F /* WeatherForecastTableViewCell.xib */; };
		A0D9284B2699C9BD0081C32F /* WeatherSummaryView.xib in Resources */ = {isa = PBXBuildFile; fileRef = A0D9284A2699C9BD0081C32F /* WeatherSummaryView.xib */; };
		A0D9284E2699CD410081C32F /* WeatherSummaryView.swift in Sources */ = {isa = PBXBuildFile; fileRef = A0D9284D2699CD410081C32F /* WeatherSummaryView.swift */; };
		A0D928502699E4CD0081C32F /* UITableViewCell+Extensions.swift in Sources */ = {isa = PBXBuildFile; fileRef = A0D9284F2699E4CD0081C32F /* UITableViewCell+Extensions.swift */; };
		A0EF9A422695FADC000C2F23 /* AppDelegate.swift in Sources */ = {isa = PBXBuildFile; fileRef = A0EF9A412695FADC000C2F23 /* AppDelegate.swift */; };
		A0EF9A442695FADC000C2F23 /* SceneDelegate.swift in Sources */ = {isa = PBXBuildFile; fileRef = A0EF9A432695FADC000C2F23 /* SceneDelegate.swift */; };
		A0EF9A492695FADC000C2F23 /* Main.storyboard in Resources */ = {isa = PBXBuildFile; fileRef = A0EF9A472695FADC000C2F23 /* Main.storyboard */; };
		A0EF9A4B2695FADF000C2F23 /* Assets.xcassets in Resources */ = {isa = PBXBuildFile; fileRef = A0EF9A4A2695FADF000C2F23 /* Assets.xcassets */; };
		A0EF9A4E2695FADF000C2F23 /* LaunchScreen.storyboard in Resources */ = {isa = PBXBuildFile; fileRef = A0EF9A4C2695FADF000C2F23 /* LaunchScreen.storyboard */; };
		A0EF9A592695FAE0000C2F23 /* WeatherAppTests.swift in Sources */ = {isa = PBXBuildFile; fileRef = A0EF9A582695FAE0000C2F23 /* WeatherAppTests.swift */; };
		A0EF9A642695FAE0000C2F23 /* WeatherAppUITests.swift in Sources */ = {isa = PBXBuildFile; fileRef = A0EF9A632695FAE0000C2F23 /* WeatherAppUITests.swift */; };
		A0EF9A752695FEDC000C2F23 /* WebClient.swift in Sources */ = {isa = PBXBuildFile; fileRef = A0EF9A742695FEDC000C2F23 /* WebClient.swift */; };
		A0EF9A772695FFEE000C2F23 /* NetworkError.swift in Sources */ = {isa = PBXBuildFile; fileRef = A0EF9A762695FFEE000C2F23 /* NetworkError.swift */; };
		A0EF9AD926960188000C2F23 /* HTTPRequestMethod.swift in Sources */ = {isa = PBXBuildFile; fileRef = A0EF9AD826960188000C2F23 /* HTTPRequestMethod.swift */; };
		A0EF9B8926960AD5000C2F23 /* RequestManager.swift in Sources */ = {isa = PBXBuildFile; fileRef = A0EF9B8826960AD5000C2F23 /* RequestManager.swift */; };
		A0EF9B8D26961007000C2F23 /* WeatherService.swift in Sources */ = {isa = PBXBuildFile; fileRef = A0EF9B8C26961007000C2F23 /* WeatherService.swift */; };
/* End PBXBuildFile section */

/* Begin PBXContainerItemProxy section */
		A0EF9A552695FAE0000C2F23 /* PBXContainerItemProxy */ = {
			isa = PBXContainerItemProxy;
			containerPortal = A0EF9A362695FADC000C2F23 /* Project object */;
			proxyType = 1;
			remoteGlobalIDString = A0EF9A3D2695FADC000C2F23;
			remoteInfo = WeatherApp;
		};
		A0EF9A602695FAE0000C2F23 /* PBXContainerItemProxy */ = {
			isa = PBXContainerItemProxy;
			containerPortal = A0EF9A362695FADC000C2F23 /* Project object */;
			proxyType = 1;
			remoteGlobalIDString = A0EF9A3D2695FADC000C2F23;
			remoteInfo = WeatherApp;
		};
/* End PBXContainerItemProxy section */

/* Begin PBXFileReference section */
		A0D927712698C1400081C32F /* URLSessionClient.swift */ = {isa = PBXFileReference; lastKnownFileType = sourcecode.swift; path = URLSessionClient.swift; sourceTree = "<group>"; };
		A0D927732698C2B80081C32F /* Weather.swift */ = {isa = PBXFileReference; lastKnownFileType = sourcecode.swift; path = Weather.swift; sourceTree = "<group>"; };
		A0D927752698C2C40081C32F /* WeatherSummary.swift */ = {isa = PBXFileReference; lastKnownFileType = sourcecode.swift; path = WeatherSummary.swift; sourceTree = "<group>"; };
		A0D927772698C2D00081C32F /* WeatherDetails.swift */ = {isa = PBXFileReference; lastKnownFileType = sourcecode.swift; path = WeatherDetails.swift; sourceTree = "<group>"; };
		A0D927792698D1E50081C32F /* WeatherForecastTableViewController.swift */ = {isa = PBXFileReference; lastKnownFileType = sourcecode.swift; path = WeatherForecastTableViewController.swift; sourceTree = "<group>"; };
		A0D9277B2698DB1B0081C32F /* WeatherForcast.swift */ = {isa = PBXFileReference; lastKnownFileType = sourcecode.swift; path = WeatherForcast.swift; sourceTree = "<group>"; };
		A0D9277E2698EB460081C32F /* WeatherDataProvider.swift */ = {isa = PBXFileReference; lastKnownFileType = sourcecode.swift; path = WeatherDataProvider.swift; sourceTree = "<group>"; };
		A0D927812698EBB10081C32F /* WeatherForcastViewModel.swift */ = {isa = PBXFileReference; lastKnownFileType = sourcecode.swift; path = WeatherForcastViewModel.swift; sourceTree = "<group>"; };
		A0D92783269982000081C32F /* WeatherType.swift */ = {isa = PBXFileReference; lastKnownFileType = sourcecode.swift; path = WeatherType.swift; sourceTree = "<group>"; };
		A0D9283526998CCB0081C32F /* WeatherForcastViewModelTests.swift */ = {isa = PBXFileReference; lastKnownFileType = sourcecode.swift; path = WeatherForcastViewModelTests.swift; sourceTree = "<group>"; };
		A0D92838269997B50081C32F /* WeatherDataProviderStubs.swift */ = {isa = PBXFileReference; lastKnownFileType = sourcecode.swift; path = WeatherDataProviderStubs.swift; sourceTree = "<group>"; };
		A0D9283B26999B480081C32F /* Array+Extensions.swift */ = {isa = PBXFileReference; lastKnownFileType = sourcecode.swift; path = "Array+Extensions.swift"; sourceTree = "<group>"; };
		A0D9283D26999ED80081C32F /* WeatherInformationFormattingTests.swift */ = {isa = PBXFileReference; lastKnownFileType = sourcecode.swift; path = WeatherInformationFormattingTests.swift; sourceTree = "<group>"; };
		A0D928402699AF5A0081C32F /* UITableViewController+Extensions.swift */ = {isa = PBXFileReference; lastKnownFileType = sourcecode.swift; path = "UITableViewController+Extensions.swift"; sourceTree = "<group>"; };
		A0D928422699B1B30081C32F /* WeatherForecastTableViewCell.swift */ = {isa = PBXFileReference; lastKnownFileType = sourcecode.swift; path = WeatherForecastTableViewCell.swift; sourceTree = "<group>"; };
		A0D928432699B1B30081C32F /* WeatherForecastTableViewCell.xib */ = {isa = PBXFileReference; lastKnownFileType = file.xib; path = WeatherForecastTableViewCell.xib; sourceTree = "<group>"; };
		A0D9284A2699C9BD0081C32F /* WeatherSummaryView.xib */ = {isa = PBXFileReference; lastKnownFileType = file.xib; path = WeatherSummaryView.xib; sourceTree = "<group>"; };
		A0D9284D2699CD410081C32F /* WeatherSummaryView.swift */ = {isa = PBXFileReference; lastKnownFileType = sourcecode.swift; path = WeatherSummaryView.swift; sourceTree = "<group>"; };
		A0D9284F2699E4CD0081C32F /* UITableViewCell+Extensions.swift */ = {isa = PBXFileReference; lastKnownFileType = sourcecode.swift; path = "UITableViewCell+Extensions.swift"; sourceTree = "<group>"; };
		A0EF9A3E2695FADC000C2F23 /* WeatherApp.app */ = {isa = PBXFileReference; explicitFileType = wrapper.application; includeInIndex = 0; path = WeatherApp.app; sourceTree = BUILT_PRODUCTS_DIR; };
		A0EF9A412695FADC000C2F23 /* AppDelegate.swift */ = {isa = PBXFileReference; lastKnownFileType = sourcecode.swift; path = AppDelegate.swift; sourceTree = "<group>"; };
		A0EF9A432695FADC000C2F23 /* SceneDelegate.swift */ = {isa = PBXFileReference; lastKnownFileType = sourcecode.swift; path = SceneDelegate.swift; sourceTree = "<group>"; };
		A0EF9A482695FADC000C2F23 /* Base */ = {isa = PBXFileReference; lastKnownFileType = file.storyboard; name = Base; path = Base.lproj/Main.storyboard; sourceTree = "<group>"; };
		A0EF9A4A2695FADF000C2F23 /* Assets.xcassets */ = {isa = PBXFileReference; lastKnownFileType = folder.assetcatalog; path = Assets.xcassets; sourceTree = "<group>"; };
		A0EF9A4D2695FADF000C2F23 /* Base */ = {isa = PBXFileReference; lastKnownFileType = file.storyboard; name = Base; path = Base.lproj/LaunchScreen.storyboard; sourceTree = "<group>"; };
		A0EF9A4F2695FADF000C2F23 /* Info.plist */ = {isa = PBXFileReference; lastKnownFileType = text.plist.xml; path = Info.plist; sourceTree = "<group>"; };
		A0EF9A542695FAE0000C2F23 /* WeatherAppTests.xctest */ = {isa = PBXFileReference; explicitFileType = wrapper.cfbundle; includeInIndex = 0; path = WeatherAppTests.xctest; sourceTree = BUILT_PRODUCTS_DIR; };
		A0EF9A582695FAE0000C2F23 /* WeatherAppTests.swift */ = {isa = PBXFileReference; lastKnownFileType = sourcecode.swift; path = WeatherAppTests.swift; sourceTree = "<group>"; };
		A0EF9A5A2695FAE0000C2F23 /* Info.plist */ = {isa = PBXFileReference; lastKnownFileType = text.plist.xml; path = Info.plist; sourceTree = "<group>"; };
		A0EF9A5F2695FAE0000C2F23 /* WeatherAppUITests.xctest */ = {isa = PBXFileReference; explicitFileType = wrapper.cfbundle; includeInIndex = 0; path = WeatherAppUITests.xctest; sourceTree = BUILT_PRODUCTS_DIR; };
		A0EF9A632695FAE0000C2F23 /* WeatherAppUITests.swift */ = {isa = PBXFileReference; lastKnownFileType = sourcecode.swift; path = WeatherAppUITests.swift; sourceTree = "<group>"; };
		A0EF9A652695FAE0000C2F23 /* Info.plist */ = {isa = PBXFileReference; lastKnownFileType = text.plist.xml; path = Info.plist; sourceTree = "<group>"; };
		A0EF9A742695FEDC000C2F23 /* WebClient.swift */ = {isa = PBXFileReference; lastKnownFileType = sourcecode.swift; path = WebClient.swift; sourceTree = "<group>"; };
		A0EF9A762695FFEE000C2F23 /* NetworkError.swift */ = {isa = PBXFileReference; lastKnownFileType = sourcecode.swift; path = NetworkError.swift; sourceTree = "<group>"; };
		A0EF9AD826960188000C2F23 /* HTTPRequestMethod.swift */ = {isa = PBXFileReference; lastKnownFileType = sourcecode.swift; path = HTTPRequestMethod.swift; sourceTree = "<group>"; };
		A0EF9B8826960AD5000C2F23 /* RequestManager.swift */ = {isa = PBXFileReference; lastKnownFileType = sourcecode.swift; path = RequestManager.swift; sourceTree = "<group>"; };
		A0EF9B8C26961007000C2F23 /* WeatherService.swift */ = {isa = PBXFileReference; lastKnownFileType = sourcecode.swift; path = WeatherService.swift; sourceTree = "<group>"; };
/* End PBXFileReference section */

/* Begin PBXFrameworksBuildPhase section */
		A0EF9A3B2695FADC000C2F23 /* Frameworks */ = {
			isa = PBXFrameworksBuildPhase;
			buildActionMask = 2147483647;
			files = (
			);
			runOnlyForDeploymentPostprocessing = 0;
		};
		A0EF9A512695FAE0000C2F23 /* Frameworks */ = {
			isa = PBXFrameworksBuildPhase;
			buildActionMask = 2147483647;
			files = (
			);
			runOnlyForDeploymentPostprocessing = 0;
		};
		A0EF9A5C2695FAE0000C2F23 /* Frameworks */ = {
			isa = PBXFrameworksBuildPhase;
			buildActionMask = 2147483647;
			files = (
			);
			runOnlyForDeploymentPostprocessing = 0;
		};
/* End PBXFrameworksBuildPhase section */

/* Begin PBXGroup section */
		A0D927702698C0580081C32F /* Client */ = {
			isa = PBXGroup;
			children = (
				A0EF9A742695FEDC000C2F23 /* WebClient.swift */,
				A0D927712698C1400081C32F /* URLSessionClient.swift */,
			);
			path = Client;
			sourceTree = "<group>";
		};
		A0D9277D2698EB1E0081C32F /* DataProvider */ = {
			isa = PBXGroup;
			children = (
				A0EF9B8C26961007000C2F23 /* WeatherService.swift */,
				A0D9277E2698EB460081C32F /* WeatherDataProvider.swift */,
			);
			path = DataProvider;
			sourceTree = "<group>";
		};
		A0D92837269997990081C32F /* ViewModel */ = {
			isa = PBXGroup;
			children = (
				A0D9283F2699A26F0081C32F /* Stubs */,
				A0D9283526998CCB0081C32F /* WeatherForcastViewModelTests.swift */,
				A0D9283D26999ED80081C32F /* WeatherInformationFormattingTests.swift */,
			);
			path = ViewModel;
			sourceTree = "<group>";
		};
		A0D9283A26999B360081C32F /* Common */ = {
			isa = PBXGroup;
			children = (
				A0D9283B26999B480081C32F /* Array+Extensions.swift */,
				A0D928402699AF5A0081C32F /* UITableViewController+Extensions.swift */,
				A0D9284F2699E4CD0081C32F /* UITableViewCell+Extensions.swift */,
			);
			path = Common;
			sourceTree = "<group>";
		};
		A0D9283F2699A26F0081C32F /* Stubs */ = {
			isa = PBXGroup;
			children = (
				A0D92838269997B50081C32F /* WeatherDataProviderStubs.swift */,
			);
			path = Stubs;
			sourceTree = "<group>";
		};
		A0D928462699C07F0081C32F /* ViewModel */ = {
			isa = PBXGroup;
			children = (
				A0D927812698EBB10081C32F /* WeatherForcastViewModel.swift */,
				A0D92783269982000081C32F /* WeatherType.swift */,
			);
			path = ViewModel;
			sourceTree = "<group>";
		};
		A0D928472699C8AB0081C32F /* Cells */ = {
			isa = PBXGroup;
			children = (
				A0D928422699B1B30081C32F /* WeatherForecastTableViewCell.swift */,
			);
			path = Cells;
			sourceTree = "<group>";
		};
		A0D928482699C8B90081C32F /* Cells */ = {
			isa = PBXGroup;
			children = (
				A0D928432699B1B30081C32F /* WeatherForecastTableViewCell.xib */,
			);
			path = Cells;
			sourceTree = "<group>";
		};
		A0D928492699C9990081C32F /* Views */ = {
			isa = PBXGroup;
			children = (
				A0D9284A2699C9BD0081C32F /* WeatherSummaryView.xib */,
			);
			path = Views;
			sourceTree = "<group>";
		};
		A0D9284C2699CD2D0081C32F /* Views */ = {
			isa = PBXGroup;
			children = (
				A0D9284D2699CD410081C32F /* WeatherSummaryView.swift */,
			);
			path = Views;
			sourceTree = "<group>";
		};
		A0EF9A352695FADC000C2F23 = {
			isa = PBXGroup;
			children = (
				A0EF9A402695FADC000C2F23 /* WeatherApp */,
				A0EF9A572695FAE0000C2F23 /* WeatherAppTests */,
				A0EF9A622695FAE0000C2F23 /* WeatherAppUITests */,
				A0EF9A3F2695FADC000C2F23 /* Products */,
			);
			sourceTree = "<group>";
		};
		A0EF9A3F2695FADC000C2F23 /* Products */ = {
			isa = PBXGroup;
			children = (
				A0EF9A3E2695FADC000C2F23 /* WeatherApp.app */,
				A0EF9A542695FAE0000C2F23 /* WeatherAppTests.xctest */,
				A0EF9A5F2695FAE0000C2F23 /* WeatherAppUITests.xctest */,
			);
			name = Products;
			sourceTree = "<group>";
		};
		A0EF9A402695FADC000C2F23 /* WeatherApp */ = {
			isa = PBXGroup;
			children = (
				A0EF9A412695FADC000C2F23 /* AppDelegate.swift */,
				A0EF9A432695FADC000C2F23 /* SceneDelegate.swift */,
				A0EF9B8B26960FEE000C2F23 /* LandingScreen */,
				A0D9283A26999B360081C32F /* Common */,
				A0EF9B8A26960CF8000C2F23 /* Models */,
				A0EF9A732695FDCF000C2F23 /* Networking */,
				A0EF9A722695FBB2000C2F23 /* Resources */,
				A0EF9A712695FB6A000C2F23 /* Supporting Files */,
			);
			path = WeatherApp;
			sourceTree = "<group>";
		};
		A0EF9A572695FAE0000C2F23 /* WeatherAppTests */ = {
			isa = PBXGroup;
			children = (
				A0D92837269997990081C32F /* ViewModel */,
				A0EF9A582695FAE0000C2F23 /* WeatherAppTests.swift */,
				A0EF9A5A2695FAE0000C2F23 /* Info.plist */,
			);
			path = WeatherAppTests;
			sourceTree = "<group>";
		};
		A0EF9A622695FAE0000C2F23 /* WeatherAppUITests */ = {
			isa = PBXGroup;
			children = (
				A0EF9A632695FAE0000C2F23 /* WeatherAppUITests.swift */,
				A0EF9A652695FAE0000C2F23 /* Info.plist */,
			);
			path = WeatherAppUITests;
			sourceTree = "<group>";
		};
		A0EF9A712695FB6A000C2F23 /* Supporting Files */ = {
			isa = PBXGroup;
			children = (
				A0EF9A4F2695FADF000C2F23 /* Info.plist */,
			);
			path = "Supporting Files";
			sourceTree = "<group>";
		};
		A0EF9A722695FBB2000C2F23 /* Resources */ = {
			isa = PBXGroup;
			children = (
				A0D928492699C9990081C32F /* Views */,
				A0D928482699C8B90081C32F /* Cells */,
				A0EF9A472695FADC000C2F23 /* Main.storyboard */,
				A0EF9A4C2695FADF000C2F23 /* LaunchScreen.storyboard */,
				A0EF9A4A2695FADF000C2F23 /* Assets.xcassets */,
			);
			path = Resources;
			sourceTree = "<group>";
		};
		A0EF9A732695FDCF000C2F23 /* Networking */ = {
			isa = PBXGroup;
			children = (
				A0D927702698C0580081C32F /* Client */,
				A0EF9A762695FFEE000C2F23 /* NetworkError.swift */,
				A0EF9AD826960188000C2F23 /* HTTPRequestMethod.swift */,
				A0EF9B8826960AD5000C2F23 /* RequestManager.swift */,
			);
			path = Networking;
			sourceTree = "<group>";
		};
		A0EF9B8A26960CF8000C2F23 /* Models */ = {
			isa = PBXGroup;
			children = (
				A0D927732698C2B80081C32F /* Weather.swift */,
				A0D927752698C2C40081C32F /* WeatherSummary.swift */,
				A0D927772698C2D00081C32F /* WeatherDetails.swift */,
				A0D9277B2698DB1B0081C32F /* WeatherForcast.swift */,
			);
			path = Models;
			sourceTree = "<group>";
		};
		A0EF9B8B26960FEE000C2F23 /* LandingScreen */ = {
			isa = PBXGroup;
			children = (
				A0D9284C2699CD2D0081C32F /* Views */,
				A0D928472699C8AB0081C32F /* Cells */,
				A0D928462699C07F0081C32F /* ViewModel */,
				A0D9277D2698EB1E0081C32F /* DataProvider */,
				A0D927792698D1E50081C32F /* WeatherForecastTableViewController.swift */,
			);
			path = LandingScreen;
			sourceTree = "<group>";
		};
/* End PBXGroup section */

/* Begin PBXNativeTarget section */
		A0EF9A3D2695FADC000C2F23 /* WeatherApp */ = {
			isa = PBXNativeTarget;
			buildConfigurationList = A0EF9A682695FAE0000C2F23 /* Build configuration list for PBXNativeTarget "WeatherApp" */;
			buildPhases = (
				A0EF9A3A2695FADC000C2F23 /* Sources */,
				A0EF9A3B2695FADC000C2F23 /* Frameworks */,
				A0EF9A3C2695FADC000C2F23 /* Resources */,
			);
			buildRules = (
			);
			dependencies = (
			);
			name = WeatherApp;
			productName = WeatherApp;
			productReference = A0EF9A3E2695FADC000C2F23 /* WeatherApp.app */;
			productType = "com.apple.product-type.application";
		};
		A0EF9A532695FAE0000C2F23 /* WeatherAppTests */ = {
			isa = PBXNativeTarget;
			buildConfigurationList = A0EF9A6B2695FAE0000C2F23 /* Build configuration list for PBXNativeTarget "WeatherAppTests" */;
			buildPhases = (
				A0EF9A502695FAE0000C2F23 /* Sources */,
				A0EF9A512695FAE0000C2F23 /* Frameworks */,
				A0EF9A522695FAE0000C2F23 /* Resources */,
			);
			buildRules = (
			);
			dependencies = (
				A0EF9A562695FAE0000C2F23 /* PBXTargetDependency */,
			);
			name = WeatherAppTests;
			productName = WeatherAppTests;
			productReference = A0EF9A542695FAE0000C2F23 /* WeatherAppTests.xctest */;
			productType = "com.apple.product-type.bundle.unit-test";
		};
		A0EF9A5E2695FAE0000C2F23 /* WeatherAppUITests */ = {
			isa = PBXNativeTarget;
			buildConfigurationList = A0EF9A6E2695FAE0000C2F23 /* Build configuration list for PBXNativeTarget "WeatherAppUITests" */;
			buildPhases = (
				A0EF9A5B2695FAE0000C2F23 /* Sources */,
				A0EF9A5C2695FAE0000C2F23 /* Frameworks */,
				A0EF9A5D2695FAE0000C2F23 /* Resources */,
			);
			buildRules = (
			);
			dependencies = (
				A0EF9A612695FAE0000C2F23 /* PBXTargetDependency */,
			);
			name = WeatherAppUITests;
			productName = WeatherAppUITests;
			productReference = A0EF9A5F2695FAE0000C2F23 /* WeatherAppUITests.xctest */;
			productType = "com.apple.product-type.bundle.ui-testing";
		};
/* End PBXNativeTarget section */

/* Begin PBXProject section */
		A0EF9A362695FADC000C2F23 /* Project object */ = {
			isa = PBXProject;
			attributes = {
				LastSwiftUpdateCheck = 1250;
				LastUpgradeCheck = 1250;
				TargetAttributes = {
					A0EF9A3D2695FADC000C2F23 = {
						CreatedOnToolsVersion = 12.5;
					};
					A0EF9A532695FAE0000C2F23 = {
						CreatedOnToolsVersion = 12.5;
						TestTargetID = A0EF9A3D2695FADC000C2F23;
					};
					A0EF9A5E2695FAE0000C2F23 = {
						CreatedOnToolsVersion = 12.5;
						TestTargetID = A0EF9A3D2695FADC000C2F23;
					};
				};
			};
			buildConfigurationList = A0EF9A392695FADC000C2F23 /* Build configuration list for PBXProject "WeatherApp" */;
			compatibilityVersion = "Xcode 9.3";
			developmentRegion = en;
			hasScannedForEncodings = 0;
			knownRegions = (
				en,
				Base,
			);
			mainGroup = A0EF9A352695FADC000C2F23;
			productRefGroup = A0EF9A3F2695FADC000C2F23 /* Products */;
			projectDirPath = "";
			projectRoot = "";
			targets = (
				A0EF9A3D2695FADC000C2F23 /* WeatherApp */,
				A0EF9A532695FAE0000C2F23 /* WeatherAppTests */,
				A0EF9A5E2695FAE0000C2F23 /* WeatherAppUITests */,
			);
		};
/* End PBXProject section */

/* Begin PBXResourcesBuildPhase section */
		A0EF9A3C2695FADC000C2F23 /* Resources */ = {
			isa = PBXResourcesBuildPhase;
			buildActionMask = 2147483647;
			files = (
				A0EF9A4E2695FADF000C2F23 /* LaunchScreen.storyboard in Resources */,
				A0D9284B2699C9BD0081C32F /* WeatherSummaryView.xib in Resources */,
				A0EF9A4B2695FADF000C2F23 /* Assets.xcassets in Resources */,
				A0D928452699B1B30081C32F /* WeatherForecastTableViewCell.xib in Resources */,
				A0EF9A492695FADC000C2F23 /* Main.storyboard in Resources */,
			);
			runOnlyForDeploymentPostprocessing = 0;
		};
		A0EF9A522695FAE0000C2F23 /* Resources */ = {
			isa = PBXResourcesBuildPhase;
			buildActionMask = 2147483647;
			files = (
			);
			runOnlyForDeploymentPostprocessing = 0;
		};
		A0EF9A5D2695FAE0000C2F23 /* Resources */ = {
			isa = PBXResourcesBuildPhase;
			buildActionMask = 2147483647;
			files = (
			);
			runOnlyForDeploymentPostprocessing = 0;
		};
/* End PBXResourcesBuildPhase section */

/* Begin PBXSourcesBuildPhase section */
		A0EF9A3A2695FADC000C2F23 /* Sources */ = {
			isa = PBXSourcesBuildPhase;
			buildActionMask = 2147483647;
			files = (
				A0D928442699B1B30081C32F /* WeatherForecastTableViewCell.swift in Sources */,
				A0EF9B8D26961007000C2F23 /* WeatherService.swift in Sources */,
				A0D927762698C2C40081C32F /* WeatherSummary.swift in Sources */,
				A0EF9A422695FADC000C2F23 /* AppDelegate.swift in Sources */,
				A0EF9A442695FADC000C2F23 /* SceneDelegate.swift in Sources */,
				A0EF9A752695FEDC000C2F23 /* WebClient.swift in Sources */,
				A0D927822698EBB10081C32F /* WeatherForcastViewModel.swift in Sources */,
				A0EF9B8926960AD5000C2F23 /* RequestManager.swift in Sources */,
				A0D927742698C2B80081C32F /* Weather.swift in Sources */,
				A0D9283C26999B480081C32F /* Array+Extensions.swift in Sources */,
				A0D9277F2698EB460081C32F /* WeatherDataProvider.swift in Sources */,
				A0D928502699E4CD0081C32F /* UITableViewCell+Extensions.swift in Sources */,
				A0EF9AD926960188000C2F23 /* HTTPRequestMethod.swift in Sources */,
				A0D927782698C2D00081C32F /* WeatherDetails.swift in Sources */,
				A0D927722698C1400081C32F /* URLSessionClient.swift in Sources */,
				A0D928412699AF5A0081C32F /* UITableViewController+Extensions.swift in Sources */,
				A0EF9A772695FFEE000C2F23 /* NetworkError.swift in Sources */,
				A0D9284E2699CD410081C32F /* WeatherSummaryView.swift in Sources */,
				A0D9277A2698D1E50081C32F /* WeatherForecastTableViewController.swift in Sources */,
				A0D92784269982000081C32F /* WeatherType.swift in Sources */,
				A0D9277C2698DB1B0081C32F /* WeatherForcast.swift in Sources */,
			);
			runOnlyForDeploymentPostprocessing = 0;
		};
		A0EF9A502695FAE0000C2F23 /* Sources */ = {
			isa = PBXSourcesBuildPhase;
			buildActionMask = 2147483647;
			files = (
				A0D9283626998CCB0081C32F /* WeatherForcastViewModelTests.swift in Sources */,
				A0D92839269997B50081C32F /* WeatherDataProviderStubs.swift in Sources */,
				A0D9283E26999ED80081C32F /* WeatherInformationFormattingTests.swift in Sources */,
				A0EF9A592695FAE0000C2F23 /* WeatherAppTests.swift in Sources */,
			);
			runOnlyForDeploymentPostprocessing = 0;
		};
		A0EF9A5B2695FAE0000C2F23 /* Sources */ = {
			isa = PBXSourcesBuildPhase;
			buildActionMask = 2147483647;
			files = (
				A0EF9A642695FAE0000C2F23 /* WeatherAppUITests.swift in Sources */,
			);
			runOnlyForDeploymentPostprocessing = 0;
		};
/* End PBXSourcesBuildPhase section */

/* Begin PBXTargetDependency section */
		A0EF9A562695FAE0000C2F23 /* PBXTargetDependency */ = {
			isa = PBXTargetDependency;
			target = A0EF9A3D2695FADC000C2F23 /* WeatherApp */;
			targetProxy = A0EF9A552695FAE0000C2F23 /* PBXContainerItemProxy */;
		};
		A0EF9A612695FAE0000C2F23 /* PBXTargetDependency */ = {
			isa = PBXTargetDependency;
			target = A0EF9A3D2695FADC000C2F23 /* WeatherApp */;
			targetProxy = A0EF9A602695FAE0000C2F23 /* PBXContainerItemProxy */;
		};
/* End PBXTargetDependency section */

/* Begin PBXVariantGroup section */
		A0EF9A472695FADC000C2F23 /* Main.storyboard */ = {
			isa = PBXVariantGroup;
			children = (
				A0EF9A482695FADC000C2F23 /* Base */,
			);
			name = Main.storyboard;
			sourceTree = "<group>";
		};
		A0EF9A4C2695FADF000C2F23 /* LaunchScreen.storyboard */ = {
			isa = PBXVariantGroup;
			children = (
				A0EF9A4D2695FADF000C2F23 /* Base */,
			);
			name = LaunchScreen.storyboard;
			sourceTree = "<group>";
		};
/* End PBXVariantGroup section */

/* Begin XCBuildConfiguration section */
		A0EF9A662695FAE0000C2F23 /* Debug */ = {
			isa = XCBuildConfiguration;
			buildSettings = {
				ALWAYS_SEARCH_USER_PATHS = NO;
				CLANG_ANALYZER_NONNULL = YES;
				CLANG_ANALYZER_NUMBER_OBJECT_CONVERSION = YES_AGGRESSIVE;
				CLANG_CXX_LANGUAGE_STANDARD = "gnu++14";
				CLANG_CXX_LIBRARY = "libc++";
				CLANG_ENABLE_MODULES = YES;
				CLANG_ENABLE_OBJC_ARC = YES;
				CLANG_ENABLE_OBJC_WEAK = YES;
				CLANG_WARN_BLOCK_CAPTURE_AUTORELEASING = YES;
				CLANG_WARN_BOOL_CONVERSION = YES;
				CLANG_WARN_COMMA = YES;
				CLANG_WARN_CONSTANT_CONVERSION = YES;
				CLANG_WARN_DEPRECATED_OBJC_IMPLEMENTATIONS = YES;
				CLANG_WARN_DIRECT_OBJC_ISA_USAGE = YES_ERROR;
				CLANG_WARN_DOCUMENTATION_COMMENTS = YES;
				CLANG_WARN_EMPTY_BODY = YES;
				CLANG_WARN_ENUM_CONVERSION = YES;
				CLANG_WARN_INFINITE_RECURSION = YES;
				CLANG_WARN_INT_CONVERSION = YES;
				CLANG_WARN_NON_LITERAL_NULL_CONVERSION = YES;
				CLANG_WARN_OBJC_IMPLICIT_RETAIN_SELF = YES;
				CLANG_WARN_OBJC_LITERAL_CONVERSION = YES;
				CLANG_WARN_OBJC_ROOT_CLASS = YES_ERROR;
				CLANG_WARN_QUOTED_INCLUDE_IN_FRAMEWORK_HEADER = YES;
				CLANG_WARN_RANGE_LOOP_ANALYSIS = YES;
				CLANG_WARN_STRICT_PROTOTYPES = YES;
				CLANG_WARN_SUSPICIOUS_MOVE = YES;
				CLANG_WARN_UNGUARDED_AVAILABILITY = YES_AGGRESSIVE;
				CLANG_WARN_UNREACHABLE_CODE = YES;
				CLANG_WARN__DUPLICATE_METHOD_MATCH = YES;
				COPY_PHASE_STRIP = NO;
				DEBUG_INFORMATION_FORMAT = dwarf;
				ENABLE_STRICT_OBJC_MSGSEND = YES;
				ENABLE_TESTABILITY = YES;
				GCC_C_LANGUAGE_STANDARD = gnu11;
				GCC_DYNAMIC_NO_PIC = NO;
				GCC_NO_COMMON_BLOCKS = YES;
				GCC_OPTIMIZATION_LEVEL = 0;
				GCC_PREPROCESSOR_DEFINITIONS = (
					"DEBUG=1",
					"$(inherited)",
				);
				GCC_WARN_64_TO_32_BIT_CONVERSION = YES;
				GCC_WARN_ABOUT_RETURN_TYPE = YES_ERROR;
				GCC_WARN_UNDECLARED_SELECTOR = YES;
				GCC_WARN_UNINITIALIZED_AUTOS = YES_AGGRESSIVE;
				GCC_WARN_UNUSED_FUNCTION = YES;
				GCC_WARN_UNUSED_VARIABLE = YES;
				IPHONEOS_DEPLOYMENT_TARGET = 14.5;
				MTL_ENABLE_DEBUG_INFO = INCLUDE_SOURCE;
				MTL_FAST_MATH = YES;
				ONLY_ACTIVE_ARCH = YES;
				SDKROOT = iphoneos;
				SWIFT_ACTIVE_COMPILATION_CONDITIONS = DEBUG;
				SWIFT_OPTIMIZATION_LEVEL = "-Onone";
			};
			name = Debug;
		};
		A0EF9A672695FAE0000C2F23 /* Release */ = {
			isa = XCBuildConfiguration;
			buildSettings = {
				ALWAYS_SEARCH_USER_PATHS = NO;
				CLANG_ANALYZER_NONNULL = YES;
				CLANG_ANALYZER_NUMBER_OBJECT_CONVERSION = YES_AGGRESSIVE;
				CLANG_CXX_LANGUAGE_STANDARD = "gnu++14";
				CLANG_CXX_LIBRARY = "libc++";
				CLANG_ENABLE_MODULES = YES;
				CLANG_ENABLE_OBJC_ARC = YES;
				CLANG_ENABLE_OBJC_WEAK = YES;
				CLANG_WARN_BLOCK_CAPTURE_AUTORELEASING = YES;
				CLANG_WARN_BOOL_CONVERSION = YES;
				CLANG_WARN_COMMA = YES;
				CLANG_WARN_CONSTANT_CONVERSION = YES;
				CLANG_WARN_DEPRECATED_OBJC_IMPLEMENTATIONS = YES;
				CLANG_WARN_DIRECT_OBJC_ISA_USAGE = YES_ERROR;
				CLANG_WARN_DOCUMENTATION_COMMENTS = YES;
				CLANG_WARN_EMPTY_BODY = YES;
				CLANG_WARN_ENUM_CONVERSION = YES;
				CLANG_WARN_INFINITE_RECURSION = YES;
				CLANG_WARN_INT_CONVERSION = YES;
				CLANG_WARN_NON_LITERAL_NULL_CONVERSION = YES;
				CLANG_WARN_OBJC_IMPLICIT_RETAIN_SELF = YES;
				CLANG_WARN_OBJC_LITERAL_CONVERSION = YES;
				CLANG_WARN_OBJC_ROOT_CLASS = YES_ERROR;
				CLANG_WARN_QUOTED_INCLUDE_IN_FRAMEWORK_HEADER = YES;
				CLANG_WARN_RANGE_LOOP_ANALYSIS = YES;
				CLANG_WARN_STRICT_PROTOTYPES = YES;
				CLANG_WARN_SUSPICIOUS_MOVE = YES;
				CLANG_WARN_UNGUARDED_AVAILABILITY = YES_AGGRESSIVE;
				CLANG_WARN_UNREACHABLE_CODE = YES;
				CLANG_WARN__DUPLICATE_METHOD_MATCH = YES;
				COPY_PHASE_STRIP = NO;
				DEBUG_INFORMATION_FORMAT = "dwarf-with-dsym";
				ENABLE_NS_ASSERTIONS = NO;
				ENABLE_STRICT_OBJC_MSGSEND = YES;
				GCC_C_LANGUAGE_STANDARD = gnu11;
				GCC_NO_COMMON_BLOCKS = YES;
				GCC_WARN_64_TO_32_BIT_CONVERSION = YES;
				GCC_WARN_ABOUT_RETURN_TYPE = YES_ERROR;
				GCC_WARN_UNDECLARED_SELECTOR = YES;
				GCC_WARN_UNINITIALIZED_AUTOS = YES_AGGRESSIVE;
				GCC_WARN_UNUSED_FUNCTION = YES;
				GCC_WARN_UNUSED_VARIABLE = YES;
				IPHONEOS_DEPLOYMENT_TARGET = 14.5;
				MTL_ENABLE_DEBUG_INFO = NO;
				MTL_FAST_MATH = YES;
				SDKROOT = iphoneos;
				SWIFT_COMPILATION_MODE = wholemodule;
				SWIFT_OPTIMIZATION_LEVEL = "-O";
				VALIDATE_PRODUCT = YES;
			};
			name = Release;
		};
		A0EF9A692695FAE0000C2F23 /* Debug */ = {
			isa = XCBuildConfiguration;
			buildSettings = {
				ASSETCATALOG_COMPILER_APPICON_NAME = AppIcon;
				ASSETCATALOG_COMPILER_GLOBAL_ACCENT_COLOR_NAME = AccentColor;
				CODE_SIGN_STYLE = Automatic;
				INFOPLIST_FILE = "WeatherApp/Supporting Files/Info.plist";
				LD_RUNPATH_SEARCH_PATHS = (
					"$(inherited)",
					"@executable_path/Frameworks",
				);
				PRODUCT_BUNDLE_IDENTIFIER = com.example.WeatherApp;
				PRODUCT_NAME = "$(TARGET_NAME)";
				SWIFT_VERSION = 5.0;
				TARGETED_DEVICE_FAMILY = "1,2";
			};
			name = Debug;
		};
		A0EF9A6A2695FAE0000C2F23 /* Release */ = {
			isa = XCBuildConfiguration;
			buildSettings = {
				ASSETCATALOG_COMPILER_APPICON_NAME = AppIcon;
				ASSETCATALOG_COMPILER_GLOBAL_ACCENT_COLOR_NAME = AccentColor;
				CODE_SIGN_STYLE = Automatic;
				INFOPLIST_FILE = "WeatherApp/Supporting Files/Info.plist";
				LD_RUNPATH_SEARCH_PATHS = (
					"$(inherited)",
					"@executable_path/Frameworks",
				);
				PRODUCT_BUNDLE_IDENTIFIER = com.example.WeatherApp;
				PRODUCT_NAME = "$(TARGET_NAME)";
				SWIFT_VERSION = 5.0;
				TARGETED_DEVICE_FAMILY = "1,2";
			};
			name = Release;
		};
		A0EF9A6C2695FAE0000C2F23 /* Debug */ = {
			isa = XCBuildConfiguration;
			buildSettings = {
				ALWAYS_EMBED_SWIFT_STANDARD_LIBRARIES = YES;
				BUNDLE_LOADER = "$(TEST_HOST)";
				CODE_SIGN_STYLE = Automatic;
				INFOPLIST_FILE = WeatherAppTests/Info.plist;
				IPHONEOS_DEPLOYMENT_TARGET = 14.5;
				LD_RUNPATH_SEARCH_PATHS = (
					"$(inherited)",
					"@executable_path/Frameworks",
					"@loader_path/Frameworks",
				);
				PRODUCT_BUNDLE_IDENTIFIER = com.example.WeatherAppTests;
				PRODUCT_NAME = "$(TARGET_NAME)";
				SWIFT_VERSION = 5.0;
				TARGETED_DEVICE_FAMILY = "1,2";
				TEST_HOST = "$(BUILT_PRODUCTS_DIR)/WeatherApp.app/WeatherApp";
			};
			name = Debug;
		};
		A0EF9A6D2695FAE0000C2F23 /* Release */ = {
			isa = XCBuildConfiguration;
			buildSettings = {
				ALWAYS_EMBED_SWIFT_STANDARD_LIBRARIES = YES;
				BUNDLE_LOADER = "$(TEST_HOST)";
				CODE_SIGN_STYLE = Automatic;
				INFOPLIST_FILE = WeatherAppTests/Info.plist;
				IPHONEOS_DEPLOYMENT_TARGET = 14.5;
				LD_RUNPATH_SEARCH_PATHS = (
					"$(inherited)",
					"@executable_path/Frameworks",
					"@loader_path/Frameworks",
				);
				PRODUCT_BUNDLE_IDENTIFIER = com.example.WeatherAppTests;
				PRODUCT_NAME = "$(TARGET_NAME)";
				SWIFT_VERSION = 5.0;
				TARGETED_DEVICE_FAMILY = "1,2";
				TEST_HOST = "$(BUILT_PRODUCTS_DIR)/WeatherApp.app/WeatherApp";
			};
			name = Release;
		};
		A0EF9A6F2695FAE0000C2F23 /* Debug */ = {
			isa = XCBuildConfiguration;
			buildSettings = {
				ALWAYS_EMBED_SWIFT_STANDARD_LIBRARIES = YES;
				CODE_SIGN_STYLE = Automatic;
				INFOPLIST_FILE = WeatherAppUITests/Info.plist;
				LD_RUNPATH_SEARCH_PATHS = (
					"$(inherited)",
					"@executable_path/Frameworks",
					"@loader_path/Frameworks",
				);
				PRODUCT_BUNDLE_IDENTIFIER = com.example.WeatherAppUITests;
				PRODUCT_NAME = "$(TARGET_NAME)";
				SWIFT_VERSION = 5.0;
				TARGETED_DEVICE_FAMILY = "1,2";
				TEST_TARGET_NAME = WeatherApp;
			};
			name = Debug;
		};
		A0EF9A702695FAE0000C2F23 /* Release */ = {
			isa = XCBuildConfiguration;
			buildSettings = {
				ALWAYS_EMBED_SWIFT_STANDARD_LIBRARIES = YES;
				CODE_SIGN_STYLE = Automatic;
				INFOPLIST_FILE = WeatherAppUITests/Info.plist;
				LD_RUNPATH_SEARCH_PATHS = (
					"$(inherited)",
					"@executable_path/Frameworks",
					"@loader_path/Frameworks",
				);
				PRODUCT_BUNDLE_IDENTIFIER = com.example.WeatherAppUITests;
				PRODUCT_NAME = "$(TARGET_NAME)";
				SWIFT_VERSION = 5.0;
				TARGETED_DEVICE_FAMILY = "1,2";
				TEST_TARGET_NAME = WeatherApp;
			};
			name = Release;
		};
/* End XCBuildConfiguration section */

/* Begin XCConfigurationList section */
		A0EF9A392695FADC000C2F23 /* Build configuration list for PBXProject "WeatherApp" */ = {
			isa = XCConfigurationList;
			buildConfigurations = (
				A0EF9A662695FAE0000C2F23 /* Debug */,
				A0EF9A672695FAE0000C2F23 /* Release */,
			);
			defaultConfigurationIsVisible = 0;
			defaultConfigurationName = Release;
		};
		A0EF9A682695FAE0000C2F23 /* Build configuration list for PBXNativeTarget "WeatherApp" */ = {
			isa = XCConfigurationList;
			buildConfigurations = (
				A0EF9A692695FAE0000C2F23 /* Debug */,
				A0EF9A6A2695FAE0000C2F23 /* Release */,
			);
			defaultConfigurationIsVisible = 0;
			defaultConfigurationName = Release;
		};
		A0EF9A6B2695FAE0000C2F23 /* Build configuration list for PBXNativeTarget "WeatherAppTests" */ = {
			isa = XCConfigurationList;
			buildConfigurations = (
				A0EF9A6C2695FAE0000C2F23 /* Debug */,
				A0EF9A6D2695FAE0000C2F23 /* Release */,
			);
			defaultConfigurationIsVisible = 0;
			defaultConfigurationName = Release;
		};
		A0EF9A6E2695FAE0000C2F23 /* Build configuration list for PBXNativeTarget "WeatherAppUITests" */ = {
			isa = XCConfigurationList;
			buildConfigurations = (
				A0EF9A6F2695FAE0000C2F23 /* Debug */,
				A0EF9A702695FAE0000C2F23 /* Release */,
			);
			defaultConfigurationIsVisible = 0;
			defaultConfigurationName = Release;
		};
/* End XCConfigurationList section */
	};
	rootObject = A0EF9A362695FADC000C2F23 /* Project object */;
}
